Microsoft Visual Studio Solution File, Format Version 12.00
# Visual Studio Version 17
VisualStudioVersion = 17.5.2.0
MinimumVisualStudioVersion = 10.0.40219.1
Project("{FAE04EC0-301F-11D3-BF4B-00C04F79EFBC}") = "20250909", "20250909.csproj", "{E6AC62E2-B448-E015-D7BC-EB3C8E45CCFA}"
EndProject
Global
	GlobalSection(SolutionConfigurationPlatforms) = preSolution
		Debug|Any CPU = Debug|Any CPU
		Release|Any CPU = Release|Any CPU
	EndGlobalSection
	GlobalSection(ProjectConfigurationPlatforms) = postSolution
		{E6AC62E2-B448-E015-D7BC-EB3C8E45CCFA}.Debug|Any CPU.ActiveCfg = Debug|Any CPU
		{E6AC62E2-B448-E015-D7BC-EB3C8E45CCFA}.Debug|Any CPU.Build.0 = Debug|Any CPU
		{E6AC62E2-B448-E015-D7BC-EB3C8E45CCFA}.Release|Any CPU.ActiveCfg = Release|Any CPU
		{E6AC62E2-B448-E015-D7BC-EB3C8E45CCFA}.Release|Any CPU.Build.0 = Release|Any CPU
	EndGlobalSection
	GlobalSection(SolutionProperties) = preSolution
		HideSolutionNode = FALSE
	EndGlobalSection
	GlobalSection(ExtensibilityGlobals) = postSolution
		SolutionGuid = {409081A8-3B2B-4195-97B9-2A5754D87F22}
	EndGlobalSection
EndGlobal
