Microsoft Visual Studio Solution File, Format Version 12.00
# Visual Studio Version 17
VisualStudioVersion = 17.5.2.0
MinimumVisualStudioVersion = 10.0.40219.1
Project("{FAE04EC0-301F-11D3-BF4B-00C04F79EFBC}") = "20251013", "20251013.csproj", "{9BF4B6FD-D655-A7BD-CC1C-114CEA567C3C}"
EndProject
Global
	GlobalSection(SolutionConfigurationPlatforms) = preSolution
		Debug|Any CPU = Debug|Any CPU
		Release|Any CPU = Release|Any CPU
	EndGlobalSection
	GlobalSection(ProjectConfigurationPlatforms) = postSolution
		{9BF4B6FD-D655-A7BD-CC1C-114CEA567C3C}.Debug|Any CPU.ActiveCfg = Debug|Any CPU
		{9BF4B6FD-D655-A7BD-CC1C-114CEA567C3C}.Debug|Any CPU.Build.0 = Debug|Any CPU
		{9BF4B6FD-D655-A7BD-CC1C-114CEA567C3C}.Release|Any CPU.ActiveCfg = Release|Any CPU
		{9BF4B6FD-D655-A7BD-CC1C-114CEA567C3C}.Release|Any CPU.Build.0 = Release|Any CPU
	EndGlobalSection
	GlobalSection(SolutionProperties) = preSolution
		HideSolutionNode = FALSE
	EndGlobalSection
	GlobalSection(ExtensibilityGlobals) = postSolution
		SolutionGuid = {877B24B4-24F1-4A92-B5A4-77010E229637}
	EndGlobalSection
EndGlobal
