Microsoft Visual Studio Solution File, Format Version 12.00
# Visual Studio Version 17
VisualStudioVersion = 17.5.2.0
MinimumVisualStudioVersion = 10.0.40219.1
Project("{FAE04EC0-301F-11D3-BF4B-00C04F79EFBC}") = "20250821", "20250821.csproj", "{BFCCA322-3D6C-220F-547F-A2073C4B250F}"
EndProject
Global
	GlobalSection(SolutionConfigurationPlatforms) = preSolution
		Debug|Any CPU = Debug|Any CPU
		Release|Any CPU = Release|Any CPU
	EndGlobalSection
	GlobalSection(ProjectConfigurationPlatforms) = postSolution
		{BFCCA322-3D6C-220F-547F-A2073C4B250F}.Debug|Any CPU.ActiveCfg = Debug|Any CPU
		{BFCCA322-3D6C-220F-547F-A2073C4B250F}.Debug|Any CPU.Build.0 = Debug|Any CPU
		{BFCCA322-3D6C-220F-547F-A2073C4B250F}.Release|Any CPU.ActiveCfg = Release|Any CPU
		{BFCCA322-3D6C-220F-547F-A2073C4B250F}.Release|Any CPU.Build.0 = Release|Any CPU
	EndGlobalSection
	GlobalSection(SolutionProperties) = preSolution
		HideSolutionNode = FALSE
	EndGlobalSection
	GlobalSection(ExtensibilityGlobals) = postSolution
		SolutionGuid = {033BCCD9-62D9-4630-BBB4-B83B7C380F99}
	EndGlobalSection
EndGlobal
