Microsoft Visual Studio Solution File, Format Version 12.00
# Visual Studio Version 17
VisualStudioVersion = 17.5.2.0
MinimumVisualStudioVersion = 10.0.40219.1
Project("{FAE04EC0-301F-11D3-BF4B-00C04F79EFBC}") = "20250831", "20250831.csproj", "{5BD13E23-FAF6-06EC-A193-54CE8E8E9E33}"
EndProject
Global
	GlobalSection(SolutionConfigurationPlatforms) = preSolution
		Debug|Any CPU = Debug|Any CPU
		Release|Any CPU = Release|Any CPU
	EndGlobalSection
	GlobalSection(ProjectConfigurationPlatforms) = postSolution
		{5BD13E23-FAF6-06EC-A193-54CE8E8E9E33}.Debug|Any CPU.ActiveCfg = Debug|Any CPU
		{5BD13E23-FAF6-06EC-A193-54CE8E8E9E33}.Debug|Any CPU.Build.0 = Debug|Any CPU
		{5BD13E23-FAF6-06EC-A193-54CE8E8E9E33}.Release|Any CPU.ActiveCfg = Release|Any CPU
		{5BD13E23-FAF6-06EC-A193-54CE8E8E9E33}.Release|Any CPU.Build.0 = Release|Any CPU
	EndGlobalSection
	GlobalSection(SolutionProperties) = preSolution
		HideSolutionNode = FALSE
	EndGlobalSection
	GlobalSection(ExtensibilityGlobals) = postSolution
		SolutionGuid = {17F021E4-A782-4DF8-AA64-A1D99AF2E6AA}
	EndGlobalSection
EndGlobal
