Microsoft Visual Studio Solution File, Format Version 12.00
# Visual Studio Version 17
VisualStudioVersion = 17.5.2.0
MinimumVisualStudioVersion = 10.0.40219.1
Project("{FAE04EC0-301F-11D3-BF4B-00C04F79EFBC}") = "20251006", "20251006.csproj", "{A334023C-2EAE-D7CA-FBD3-029EF765AB78}"
EndProject
Global
	GlobalSection(SolutionConfigurationPlatforms) = preSolution
		Debug|Any CPU = Debug|Any CPU
		Release|Any CPU = Release|Any CPU
	EndGlobalSection
	GlobalSection(ProjectConfigurationPlatforms) = postSolution
		{A334023C-2EAE-D7CA-FBD3-029EF765AB78}.Debug|Any CPU.ActiveCfg = Debug|Any CPU
		{A334023C-2EAE-D7CA-FBD3-029EF765AB78}.Debug|Any CPU.Build.0 = Debug|Any CPU
		{A334023C-2EAE-D7CA-FBD3-029EF765AB78}.Release|Any CPU.ActiveCfg = Release|Any CPU
		{A334023C-2EAE-D7CA-FBD3-029EF765AB78}.Release|Any CPU.Build.0 = Release|Any CPU
	EndGlobalSection
	GlobalSection(SolutionProperties) = preSolution
		HideSolutionNode = FALSE
	EndGlobalSection
	GlobalSection(ExtensibilityGlobals) = postSolution
		SolutionGuid = {3E53094D-9BCB-4AC8-B720-6C42B71796F6}
	EndGlobalSection
EndGlobal
