Microsoft Visual Studio Solution File, Format Version 12.00
# Visual Studio Version 17
VisualStudioVersion = 17.5.2.0
MinimumVisualStudioVersion = 10.0.40219.1
Project("{FAE04EC0-301F-11D3-BF4B-00C04F79EFBC}") = "20250828", "20250828.csproj", "{F53E37EC-0510-726F-F157-3C93661D5A98}"
EndProject
Global
	GlobalSection(SolutionConfigurationPlatforms) = preSolution
		Debug|Any CPU = Debug|Any CPU
		Release|Any CPU = Release|Any CPU
	EndGlobalSection
	GlobalSection(ProjectConfigurationPlatforms) = postSolution
		{F53E37EC-0510-726F-F157-3C93661D5A98}.Debug|Any CPU.ActiveCfg = Debug|Any CPU
		{F53E37EC-0510-726F-F157-3C93661D5A98}.Debug|Any CPU.Build.0 = Debug|Any CPU
		{F53E37EC-0510-726F-F157-3C93661D5A98}.Release|Any CPU.ActiveCfg = Release|Any CPU
		{F53E37EC-0510-726F-F157-3C93661D5A98}.Release|Any CPU.Build.0 = Release|Any CPU
	EndGlobalSection
	GlobalSection(SolutionProperties) = preSolution
		HideSolutionNode = FALSE
	EndGlobalSection
	GlobalSection(ExtensibilityGlobals) = postSolution
		SolutionGuid = {EAE7B6DA-796B-4125-B4C3-E351588A5B94}
	EndGlobalSection
EndGlobal
