Microsoft Visual Studio Solution File, Format Version 12.00
# Visual Studio Version 17
VisualStudioVersion = 17.5.2.0
MinimumVisualStudioVersion = 10.0.40219.1
Project("{FAE04EC0-301F-11D3-BF4B-00C04F79EFBC}") = "20251019", "20251019.csproj", "{42EE5703-0150-20A0-4783-F92CC367EE33}"
EndProject
Global
	GlobalSection(SolutionConfigurationPlatforms) = preSolution
		Debug|Any CPU = Debug|Any CPU
		Release|Any CPU = Release|Any CPU
	EndGlobalSection
	GlobalSection(ProjectConfigurationPlatforms) = postSolution
		{42EE5703-0150-20A0-4783-F92CC367EE33}.Debug|Any CPU.ActiveCfg = Debug|Any CPU
		{42EE5703-0150-20A0-4783-F92CC367EE33}.Debug|Any CPU.Build.0 = Debug|Any CPU
		{42EE5703-0150-20A0-4783-F92CC367EE33}.Release|Any CPU.ActiveCfg = Release|Any CPU
		{42EE5703-0150-20A0-4783-F92CC367EE33}.Release|Any CPU.Build.0 = Release|Any CPU
	EndGlobalSection
	GlobalSection(SolutionProperties) = preSolution
		HideSolutionNode = FALSE
	EndGlobalSection
	GlobalSection(ExtensibilityGlobals) = postSolution
		SolutionGuid = {D6782BFD-0FCE-471A-B0B1-361C5E9E8D77}
	EndGlobalSection
EndGlobal
