Microsoft Visual Studio Solution File, Format Version 12.00
# Visual Studio Version 17
VisualStudioVersion = 17.5.2.0
MinimumVisualStudioVersion = 10.0.40219.1
Project("{FAE04EC0-301F-11D3-BF4B-00C04F79EFBC}") = "20250903", "20250903.csproj", "{B3682151-B893-0E20-167A-201A915F59F3}"
EndProject
Global
	GlobalSection(SolutionConfigurationPlatforms) = preSolution
		Debug|Any CPU = Debug|Any CPU
		Release|Any CPU = Release|Any CPU
	EndGlobalSection
	GlobalSection(ProjectConfigurationPlatforms) = postSolution
		{B3682151-B893-0E20-167A-201A915F59F3}.Debug|Any CPU.ActiveCfg = Debug|Any CPU
		{B3682151-B893-0E20-167A-201A915F59F3}.Debug|Any CPU.Build.0 = Debug|Any CPU
		{B3682151-B893-0E20-167A-201A915F59F3}.Release|Any CPU.ActiveCfg = Release|Any CPU
		{B3682151-B893-0E20-167A-201A915F59F3}.Release|Any CPU.Build.0 = Release|Any CPU
	EndGlobalSection
	GlobalSection(SolutionProperties) = preSolution
		HideSolutionNode = FALSE
	EndGlobalSection
	GlobalSection(ExtensibilityGlobals) = postSolution
		SolutionGuid = {DD0E4D51-06AC-490F-B205-52341838C09F}
	EndGlobalSection
EndGlobal
