Microsoft Visual Studio Solution File, Format Version 12.00
# Visual Studio Version 17
VisualStudioVersion = 17.5.2.0
MinimumVisualStudioVersion = 10.0.40219.1
Project("{2150E333-8FDC-42A3-9474-1A3956D46DE8}") = "Sec010", "Sec010", "{9D1D1431-1D1E-5427-ECA9-C54CE7446FD1}"
EndProject
Project("{2150E333-8FDC-42A3-9474-1A3956D46DE8}") = "Sec011", "Sec011", "{BB9D0F33-BFA0-4F41-4942-70CA6383C4CD}"
EndProject
Project("{2150E333-8FDC-42A3-9474-1A3956D46DE8}") = "Sec012", "Sec012", "{B030F74B-6A74-9915-FFDD-D58AC1362EBD}"
EndProject
Project("{2150E333-8FDC-42A3-9474-1A3956D46DE8}") = "Sec020", "Sec020", "{6911F857-7FB3-A029-ED8B-4E0ED074DD84}"
EndProject
Project("{2150E333-8FDC-42A3-9474-1A3956D46DE8}") = "Sec021", "Sec021", "{5E567205-7678-CCD2-EF41-352AF16EC2CB}"
EndProject
Project("{2150E333-8FDC-42A3-9474-1A3956D46DE8}") = "Sec030", "Sec030", "{BEA51049-FAA3-E5EB-A38F-7973317E6BDA}"
EndProject
Project("{2150E333-8FDC-42A3-9474-1A3956D46DE8}") = "Sec031", "Sec031", "{05A805A1-45DB-2777-93CD-7ACB54D76063}"
EndProject
Project("{2150E333-8FDC-42A3-9474-1A3956D46DE8}") = "Sec041", "Sec041", "{5B162301-1194-6FE4-753D-67E91C740AFE}"
EndProject
Project("{2150E333-8FDC-42A3-9474-1A3956D46DE8}") = "Sec042", "Sec042", "{CC7DD690-C230-5DB3-E8F3-9B7CF667006C}"
EndProject
Project("{2150E333-8FDC-42A3-9474-1A3956D46DE8}") = "Sec043", "Sec043", "{29DF8611-B6CD-8720-ECDA-ED4763B0476E}"
EndProject
Project("{FAE04EC0-301F-11D3-BF4B-00C04F79EFBC}") = "SampleApp", "Sec010\SampleApp.csproj", "{020F55AF-CC0A-F92E-21B8-10891843B400}"
EndProject
Project("{FAE04EC0-301F-11D3-BF4B-00C04F79EFBC}") = "SampleApp", "Sec011\SampleApp.csproj", "{8391DE4C-9DB1-85C2-35A9-DEE8D4BC4B17}"
EndProject
Project("{FAE04EC0-301F-11D3-BF4B-00C04F79EFBC}") = "SampleApp", "Sec012\SampleApp.csproj", "{474A9130-B285-3F7E-3AC9-3525AFD46742}"
EndProject
Project("{FAE04EC0-301F-11D3-BF4B-00C04F79EFBC}") = "SampleApp", "Sec020\SampleApp.csproj", "{D65FBB04-376A-E6E0-2203-13445A905C88}"
EndProject
Project("{FAE04EC0-301F-11D3-BF4B-00C04F79EFBC}") = "SampleApp", "Sec021\SampleApp.csproj", "{EC703E3C-5DF7-255B-8D39-DA69655E09DA}"
EndProject
Project("{FAE04EC0-301F-11D3-BF4B-00C04F79EFBC}") = "SampleApp", "Sec030\SampleApp.csproj", "{2192A5CF-68BE-D17B-C63A-C7EF1FE686B4}"
EndProject
Project("{FAE04EC0-301F-11D3-BF4B-00C04F79EFBC}") = "SampleApp", "Sec031\SampleApp.csproj", "{F9EE9837-53A2-1519-F212-1D81B6FC0870}"
EndProject
Project("{FAE04EC0-301F-11D3-BF4B-00C04F79EFBC}") = "SampleApp", "Sec041\SampleApp.csproj", "{880A0B1F-124B-8DC7-2D58-E02838C4A26E}"
EndProject
Project("{FAE04EC0-301F-11D3-BF4B-00C04F79EFBC}") = "SampleApp", "Sec042\SampleApp.csproj", "{09FE4D3F-6522-53B7-BEE1-57D5FBDA46EA}"
EndProject
Project("{FAE04EC0-301F-11D3-BF4B-00C04F79EFBC}") = "SampleApp", "Sec043\SampleApp.csproj", "{3A53B1A3-81FF-3ED7-33EE-A24AFA489E71}"
EndProject
Global
	GlobalSection(SolutionConfigurationPlatforms) = preSolution
		Debug|Any CPU = Debug|Any CPU
		Release|Any CPU = Release|Any CPU
	EndGlobalSection
	GlobalSection(ProjectConfigurationPlatforms) = postSolution
		{020F55AF-CC0A-F92E-21B8-10891843B400}.Debug|Any CPU.ActiveCfg = Debug|Any CPU
		{020F55AF-CC0A-F92E-21B8-10891843B400}.Debug|Any CPU.Build.0 = Debug|Any CPU
		{020F55AF-CC0A-F92E-21B8-10891843B400}.Release|Any CPU.ActiveCfg = Release|Any CPU
		{020F55AF-CC0A-F92E-21B8-10891843B400}.Release|Any CPU.Build.0 = Release|Any CPU
		{8391DE4C-9DB1-85C2-35A9-DEE8D4BC4B17}.Debug|Any CPU.ActiveCfg = Debug|Any CPU
		{8391DE4C-9DB1-85C2-35A9-DEE8D4BC4B17}.Debug|Any CPU.Build.0 = Debug|Any CPU
		{8391DE4C-9DB1-85C2-35A9-DEE8D4BC4B17}.Release|Any CPU.ActiveCfg = Release|Any CPU
		{8391DE4C-9DB1-85C2-35A9-DEE8D4BC4B17}.Release|Any CPU.Build.0 = Release|Any CPU
		{474A9130-B285-3F7E-3AC9-3525AFD46742}.Debug|Any CPU.ActiveCfg = Debug|Any CPU
		{474A9130-B285-3F7E-3AC9-3525AFD46742}.Debug|Any CPU.Build.0 = Debug|Any CPU
		{474A9130-B285-3F7E-3AC9-3525AFD46742}.Release|Any CPU.ActiveCfg = Release|Any CPU
		{474A9130-B285-3F7E-3AC9-3525AFD46742}.Release|Any CPU.Build.0 = Release|Any CPU
		{D65FBB04-376A-E6E0-2203-13445A905C88}.Debug|Any CPU.ActiveCfg = Debug|Any CPU
		{D65FBB04-376A-E6E0-2203-13445A905C88}.Debug|Any CPU.Build.0 = Debug|Any CPU
		{D65FBB04-376A-E6E0-2203-13445A905C88}.Release|Any CPU.ActiveCfg = Release|Any CPU
		{D65FBB04-376A-E6E0-2203-13445A905C88}.Release|Any CPU.Build.0 = Release|Any CPU
		{EC703E3C-5DF7-255B-8D39-DA69655E09DA}.Debug|Any CPU.ActiveCfg = Debug|Any CPU
		{EC703E3C-5DF7-255B-8D39-DA69655E09DA}.Debug|Any CPU.Build.0 = Debug|Any CPU
		{EC703E3C-5DF7-255B-8D39-DA69655E09DA}.Release|Any CPU.ActiveCfg = Release|Any CPU
		{EC703E3C-5DF7-255B-8D39-DA69655E09DA}.Release|Any CPU.Build.0 = Release|Any CPU
		{2192A5CF-68BE-D17B-C63A-C7EF1FE686B4}.Debug|Any CPU.ActiveCfg = Debug|Any CPU
		{2192A5CF-68BE-D17B-C63A-C7EF1FE686B4}.Debug|Any CPU.Build.0 = Debug|Any CPU
		{2192A5CF-68BE-D17B-C63A-C7EF1FE686B4}.Release|Any CPU.ActiveCfg = Release|Any CPU
		{2192A5CF-68BE-D17B-C63A-C7EF1FE686B4}.Release|Any CPU.Build.0 = Release|Any CPU
		{F9EE9837-53A2-1519-F212-1D81B6FC0870}.Debug|Any CPU.ActiveCfg = Debug|Any CPU
		{F9EE9837-53A2-1519-F212-1D81B6FC0870}.Debug|Any CPU.Build.0 = Debug|Any CPU
		{F9EE9837-53A2-1519-F212-1D81B6FC0870}.Release|Any CPU.ActiveCfg = Release|Any CPU
		{F9EE9837-53A2-1519-F212-1D81B6FC0870}.Release|Any CPU.Build.0 = Release|Any CPU
		{880A0B1F-124B-8DC7-2D58-E02838C4A26E}.Debug|Any CPU.ActiveCfg = Debug|Any CPU
		{880A0B1F-124B-8DC7-2D58-E02838C4A26E}.Debug|Any CPU.Build.0 = Debug|Any CPU
		{880A0B1F-124B-8DC7-2D58-E02838C4A26E}.Release|Any CPU.ActiveCfg = Release|Any CPU
		{880A0B1F-124B-8DC7-2D58-E02838C4A26E}.Release|Any CPU.Build.0 = Release|Any CPU
		{09FE4D3F-6522-53B7-BEE1-57D5FBDA46EA}.Debug|Any CPU.ActiveCfg = Debug|Any CPU
		{09FE4D3F-6522-53B7-BEE1-57D5FBDA46EA}.Debug|Any CPU.Build.0 = Debug|Any CPU
		{09FE4D3F-6522-53B7-BEE1-57D5FBDA46EA}.Release|Any CPU.ActiveCfg = Release|Any CPU
		{09FE4D3F-6522-53B7-BEE1-57D5FBDA46EA}.Release|Any CPU.Build.0 = Release|Any CPU
		{3A53B1A3-81FF-3ED7-33EE-A24AFA489E71}.Debug|Any CPU.ActiveCfg = Debug|Any CPU
		{3A53B1A3-81FF-3ED7-33EE-A24AFA489E71}.Debug|Any CPU.Build.0 = Debug|Any CPU
		{3A53B1A3-81FF-3ED7-33EE-A24AFA489E71}.Release|Any CPU.ActiveCfg = Release|Any CPU
		{3A53B1A3-81FF-3ED7-33EE-A24AFA489E71}.Release|Any CPU.Build.0 = Release|Any CPU
	EndGlobalSection
	GlobalSection(SolutionProperties) = preSolution
		HideSolutionNode = FALSE
	EndGlobalSection
	GlobalSection(NestedProjects) = preSolution
		{020F55AF-CC0A-F92E-21B8-10891843B400} = {9D1D1431-1D1E-5427-ECA9-C54CE7446FD1}
		{8391DE4C-9DB1-85C2-35A9-DEE8D4BC4B17} = {BB9D0F33-BFA0-4F41-4942-70CA6383C4CD}
		{474A9130-B285-3F7E-3AC9-3525AFD46742} = {B030F74B-6A74-9915-FFDD-D58AC1362EBD}
		{D65FBB04-376A-E6E0-2203-13445A905C88} = {6911F857-7FB3-A029-ED8B-4E0ED074DD84}
		{EC703E3C-5DF7-255B-8D39-DA69655E09DA} = {5E567205-7678-CCD2-EF41-352AF16EC2CB}
		{2192A5CF-68BE-D17B-C63A-C7EF1FE686B4} = {BEA51049-FAA3-E5EB-A38F-7973317E6BDA}
		{F9EE9837-53A2-1519-F212-1D81B6FC0870} = {05A805A1-45DB-2777-93CD-7ACB54D76063}
		{880A0B1F-124B-8DC7-2D58-E02838C4A26E} = {5B162301-1194-6FE4-753D-67E91C740AFE}
		{09FE4D3F-6522-53B7-BEE1-57D5FBDA46EA} = {CC7DD690-C230-5DB3-E8F3-9B7CF667006C}
		{3A53B1A3-81FF-3ED7-33EE-A24AFA489E71} = {29DF8611-B6CD-8720-ECDA-ED4763B0476E}
	EndGlobalSection
	GlobalSection(ExtensibilityGlobals) = postSolution
		SolutionGuid = {E5ED7453-2536-48B4-AD73-F42CC9D13CC3}
	EndGlobalSection
EndGlobal
