Microsoft Visual Studio Solution File, Format Version 12.00
# Visual Studio Version 17
VisualStudioVersion = 17.5.2.0
MinimumVisualStudioVersion = 10.0.40219.1
Project("{FAE04EC0-301F-11D3-BF4B-00C04F79EFBC}") = "20251020", "20251020.csproj", "{E2BF2F49-C897-F17B-1A47-DE42A1B5EB55}"
EndProject
Global
	GlobalSection(SolutionConfigurationPlatforms) = preSolution
		Debug|Any CPU = Debug|Any CPU
		Release|Any CPU = Release|Any CPU
	EndGlobalSection
	GlobalSection(ProjectConfigurationPlatforms) = postSolution
		{E2BF2F49-C897-F17B-1A47-DE42A1B5EB55}.Debug|Any CPU.ActiveCfg = Debug|Any CPU
		{E2BF2F49-C897-F17B-1A47-DE42A1B5EB55}.Debug|Any CPU.Build.0 = Debug|Any CPU
		{E2BF2F49-C897-F17B-1A47-DE42A1B5EB55}.Release|Any CPU.ActiveCfg = Release|Any CPU
		{E2BF2F49-C897-F17B-1A47-DE42A1B5EB55}.Release|Any CPU.Build.0 = Release|Any CPU
	EndGlobalSection
	GlobalSection(SolutionProperties) = preSolution
		HideSolutionNode = FALSE
	EndGlobalSection
	GlobalSection(ExtensibilityGlobals) = postSolution
		SolutionGuid = {8086C7DE-1E37-405C-9004-84C99E338C5A}
	EndGlobalSection
EndGlobal
