Microsoft Visual Studio Solution File, Format Version 12.00
# Visual Studio Version 17
VisualStudioVersion = 17.5.2.0
MinimumVisualStudioVersion = 10.0.40219.1
Project("{FAE04EC0-301F-11D3-BF4B-00C04F79EFBC}") = "20250814", "20250814.csproj", "{A56A7230-10D5-EBD2-002F-C575C755305E}"
EndProject
Global
	GlobalSection(SolutionConfigurationPlatforms) = preSolution
		Debug|Any CPU = Debug|Any CPU
		Release|Any CPU = Release|Any CPU
	EndGlobalSection
	GlobalSection(ProjectConfigurationPlatforms) = postSolution
		{A56A7230-10D5-EBD2-002F-C575C755305E}.Debug|Any CPU.ActiveCfg = Debug|Any CPU
		{A56A7230-10D5-EBD2-002F-C575C755305E}.Debug|Any CPU.Build.0 = Debug|Any CPU
		{A56A7230-10D5-EBD2-002F-C575C755305E}.Release|Any CPU.ActiveCfg = Release|Any CPU
		{A56A7230-10D5-EBD2-002F-C575C755305E}.Release|Any CPU.Build.0 = Release|Any CPU
	EndGlobalSection
	GlobalSection(SolutionProperties) = preSolution
		HideSolutionNode = FALSE
	EndGlobalSection
	GlobalSection(ExtensibilityGlobals) = postSolution
		SolutionGuid = {2AAFA9C5-6D74-4DD9-B16D-4AC62A3EA7B3}
	EndGlobalSection
EndGlobal
