Microsoft Visual Studio Solution File, Format Version 12.00
# Visual Studio Version 17
VisualStudioVersion = 17.5.2.0
MinimumVisualStudioVersion = 10.0.40219.1
Project("{FAE04EC0-301F-11D3-BF4B-00C04F79EFBC}") = "20250824", "20250824.csproj", "{4BEF4595-F8B5-EF9E-60A7-7CBA5CB9E78C}"
EndProject
Global
	GlobalSection(SolutionConfigurationPlatforms) = preSolution
		Debug|Any CPU = Debug|Any CPU
		Release|Any CPU = Release|Any CPU
	EndGlobalSection
	GlobalSection(ProjectConfigurationPlatforms) = postSolution
		{4BEF4595-F8B5-EF9E-60A7-7CBA5CB9E78C}.Debug|Any CPU.ActiveCfg = Debug|Any CPU
		{4BEF4595-F8B5-EF9E-60A7-7CBA5CB9E78C}.Debug|Any CPU.Build.0 = Debug|Any CPU
		{4BEF4595-F8B5-EF9E-60A7-7CBA5CB9E78C}.Release|Any CPU.ActiveCfg = Release|Any CPU
		{4BEF4595-F8B5-EF9E-60A7-7CBA5CB9E78C}.Release|Any CPU.Build.0 = Release|Any CPU
	EndGlobalSection
	GlobalSection(SolutionProperties) = preSolution
		HideSolutionNode = FALSE
	EndGlobalSection
	GlobalSection(ExtensibilityGlobals) = postSolution
		SolutionGuid = {D85BED3D-EAA1-4B77-AC14-E9B558964667}
	EndGlobalSection
EndGlobal
