Microsoft Visual Studio Solution File, Format Version 12.00
# Visual Studio Version 17
VisualStudioVersion = 17.5.2.0
MinimumVisualStudioVersion = 10.0.40219.1
Project("{FAE04EC0-301F-11D3-BF4B-00C04F79EFBC}") = "20250911", "20250911.csproj", "{EE9F56E2-A935-9DEE-E454-166847A317F3}"
EndProject
Global
	GlobalSection(SolutionConfigurationPlatforms) = preSolution
		Debug|Any CPU = Debug|Any CPU
		Release|Any CPU = Release|Any CPU
	EndGlobalSection
	GlobalSection(ProjectConfigurationPlatforms) = postSolution
		{EE9F56E2-A935-9DEE-E454-166847A317F3}.Debug|Any CPU.ActiveCfg = Debug|Any CPU
		{EE9F56E2-A935-9DEE-E454-166847A317F3}.Debug|Any CPU.Build.0 = Debug|Any CPU
		{EE9F56E2-A935-9DEE-E454-166847A317F3}.Release|Any CPU.ActiveCfg = Release|Any CPU
		{EE9F56E2-A935-9DEE-E454-166847A317F3}.Release|Any CPU.Build.0 = Release|Any CPU
	EndGlobalSection
	GlobalSection(SolutionProperties) = preSolution
		HideSolutionNode = FALSE
	EndGlobalSection
	GlobalSection(ExtensibilityGlobals) = postSolution
		SolutionGuid = {5EF88392-31DF-4289-812F-270C95EB9BE0}
	EndGlobalSection
EndGlobal
